// !$*UTF8*$!
{
	archiveVersion = 1;
	classes = {
	};
	objectVersion = 46;
	objects = {

/* Begin PBXBuildFile section */
		E547C73814ECDEFE008A2A73 /* UIKit.framework in Frameworks */ = {isa = PBXBuildFile; fileRef = E547C73714ECDEFE008A2A73 /* UIKit.framework */; };
		E547C73A14ECDEFE008A2A73 /* Foundation.framework in Frameworks */ = {isa = PBXBuildFile; fileRef = E547C73914ECDEFE008A2A73 /* Foundation.framework */; };
		E547C73C14ECDEFE008A2A73 /* CoreGraphics.framework in Frameworks */ = {isa = PBXBuildFile; fileRef = E547C73B14ECDEFE008A2A73 /* CoreGraphics.framework */; };
		E547C74214ECDEFE008A2A73 /* InfoPlist.strings in Resources */ = {isa = PBXBuildFile; fileRef = E547C74014ECDEFE008A2A73 /* InfoPlist.strings */; };
		E547C74414ECDEFE008A2A73 /* main.m in Sources */ = {isa = PBXBuildFile; fileRef = E547C74314ECDEFE008A2A73 /* main.m */; };
		E547C74814ECDEFE008A2A73 /* DriveTestAppDelegate.m in Sources */ = {isa = PBXBuildFile; fileRef = E547C74714ECDEFE008A2A73 /* DriveTestAppDelegate.m */; };
		E547C75014ECDEFE008A2A73 /* SenTestingKit.framework in Frameworks */ = {isa = PBXBuildFile; fileRef = E547C74F14ECDEFE008A2A73 /* SenTestingKit.framework */; };
		E547C75114ECDEFE008A2A73 /* UIKit.framework in Frameworks */ = {isa = PBXBuildFile; fileRef = E547C73714ECDEFE008A2A73 /* UIKit.framework */; };
		E547C75214ECDEFE008A2A73 /* Foundation.framework in Frameworks */ = {isa = PBXBuildFile; fileRef = E547C73914ECDEFE008A2A73 /* Foundation.framework */; };
		E547C75A14ECDEFE008A2A73 /* InfoPlist.strings in Resources */ = {isa = PBXBuildFile; fileRef = E547C75814ECDEFE008A2A73 /* InfoPlist.strings */; };
		E547C75D14ECDEFE008A2A73 /* DriveTestTests.m in Sources */ = {isa = PBXBuildFile; fileRef = E547C75C14ECDEFE008A2A73 /* DriveTestTests.m */; };
		E547C77D14EE17F3008A2A73 /* MapKit.framework in Frameworks */ = {isa = PBXBuildFile; fileRef = E547C77C14EE17F3008A2A73 /* MapKit.framework */; };
		E547C78114EE187F008A2A73 /* MapViewController.m in Sources */ = {isa = PBXBuildFile; fileRef = E547C77F14EE187F008A2A73 /* MapViewController.m */; };
		E547C78214EE187F008A2A73 /* MapViewController.xib in Resources */ = {isa = PBXBuildFile; fileRef = E547C78014EE187F008A2A73 /* MapViewController.xib */; };
		E547C79114EE305F008A2A73 /* Route.m in Sources */ = {isa = PBXBuildFile; fileRef = E547C79014EE305F008A2A73 /* Route.m */; };
		E547C79414EE314E008A2A73 /* RouteList.m in Sources */ = {isa = PBXBuildFile; fileRef = E547C79314EE314E008A2A73 /* RouteList.m */; };
		E547C79614EE3524008A2A73 /* route.csv in Resources */ = {isa = PBXBuildFile; fileRef = E547C79514EE3523008A2A73 /* route.csv */; };
		E547C79F14EE38ED008A2A73 /* CoreLocation.framework in Frameworks */ = {isa = PBXBuildFile; fileRef = E547C79B14EE388A008A2A73 /* CoreLocation.framework */; };
		E562604014F2181F00AF5EE0 /* SaveViewController.m in Sources */ = {isa = PBXBuildFile; fileRef = E562603E14F2181F00AF5EE0 /* SaveViewController.m */; };
		E562604114F2181F00AF5EE0 /* SaveViewController.xib in Resources */ = {isa = PBXBuildFile; fileRef = E562603F14F2181F00AF5EE0 /* SaveViewController.xib */; };
		E562604414F36B7400AF5EE0 /* MultiCircleView.m in Sources */ = {isa = PBXBuildFile; fileRef = E562604314F36B7400AF5EE0 /* MultiCircleView.m */; };
		E562604714F4AB8C00AF5EE0 /* MultiCircle.m in Sources */ = {isa = PBXBuildFile; fileRef = E562604614F4AB8C00AF5EE0 /* MultiCircle.m */; };
		E566D80A157A733500AF463F /* ReplayViewController.m in Sources */ = {isa = PBXBuildFile; fileRef = E566D808157A733500AF463F /* ReplayViewController.m */; };
		E566D80B157A733500AF463F /* ReplayViewController.xib in Resources */ = {isa = PBXBuildFile; fileRef = E566D809157A733500AF463F /* ReplayViewController.xib */; };
		E58E1CB41547BA9300218595 /* HomeViewController.m in Sources */ = {isa = PBXBuildFile; fileRef = E58E1CB31547BA9300218595 /* HomeViewController.m */; };
		E58E1CB91547BB0E00218595 /* HomeViewController.xib in Resources */ = {isa = PBXBuildFile; fileRef = E58E1CB81547BB0E00218595 /* HomeViewController.xib */; };
		E59092831571F54100CFC3AA /* seattle.jpg in Resources */ = {isa = PBXBuildFile; fileRef = E59092821571F54100CFC3AA /* seattle.jpg */; };
		E5A4095614F072290010D5D4 /* RoutePoint.m in Sources */ = {isa = PBXBuildFile; fileRef = E5A4095514F072290010D5D4 /* RoutePoint.m */; };
		E5A4096A14F0D8100010D5D4 /* RouteTableViewController.m in Sources */ = {isa = PBXBuildFile; fileRef = E5A4096814F0D8100010D5D4 /* RouteTableViewController.m */; };
		E5A4096B14F0D8100010D5D4 /* RouteTableViewController.xib in Resources */ = {isa = PBXBuildFile; fileRef = E5A4096914F0D8100010D5D4 /* RouteTableViewController.xib */; };
		E5D60FC01543D15A0026F7D0 /* CustomAnnotation.m in Sources */ = {isa = PBXBuildFile; fileRef = E5D60FBF1543D15A0026F7D0 /* CustomAnnotation.m */; };
		E5FB628516DF149800C1465C /* Default-568h@2x.png in Resources */ = {isa = PBXBuildFile; fileRef = E5FB628416DF149800C1465C /* Default-568h@2x.png */; };
/* End PBXBuildFile section */

/* Begin PBXContainerItemProxy section */
		E547C75314ECDEFE008A2A73 /* PBXContainerItemProxy */ = {
			isa = PBXContainerItemProxy;
			containerPortal = E547C72A14ECDEFE008A2A73 /* Project object */;
			proxyType = 1;
			remoteGlobalIDString = E547C73214ECDEFE008A2A73;
			remoteInfo = DriveTest;
		};
/* End PBXContainerItemProxy section */

/* Begin PBXFileReference section */
		E547C73314ECDEFE008A2A73 /* RouteTracker.app */ = {isa = PBXFileReference; explicitFileType = wrapper.application; includeInIndex = 0; path = RouteTracker.app; sourceTree = BUILT_PRODUCTS_DIR; };
		E547C73714ECDEFE008A2A73 /* UIKit.framework */ = {isa = PBXFileReference; lastKnownFileType = wrapper.framework; name = UIKit.framework; path = System/Library/Frameworks/UIKit.framework; sourceTree = SDKROOT; };
		E547C73914ECDEFE008A2A73 /* Foundation.framework */ = {isa = PBXFileReference; lastKnownFileType = wrapper.framework; name = Foundation.framework; path = System/Library/Frameworks/Foundation.framework; sourceTree = SDKROOT; };
		E547C73B14ECDEFE008A2A73 /* CoreGraphics.framework */ = {isa = PBXFileReference; lastKnownFileType = wrapper.framework; name = CoreGraphics.framework; path = System/Library/Frameworks/CoreGraphics.framework; sourceTree = SDKROOT; };
		E547C73F14ECDEFE008A2A73 /* RouteTracker-Info.plist */ = {isa = PBXFileReference; lastKnownFileType = text.plist.xml; path = "RouteTracker-Info.plist"; sourceTree = "<group>"; };
		E547C74114ECDEFE008A2A73 /* en */ = {isa = PBXFileReference; lastKnownFileType = text.plist.strings; name = en; path = en.lproj/InfoPlist.strings; sourceTree = "<group>"; };
		E547C74314ECDEFE008A2A73 /* main.m */ = {isa = PBXFileReference; lastKnownFileType = sourcecode.c.objc; path = main.m; sourceTree = "<group>"; };
		E547C74514ECDEFE008A2A73 /* RouteTracker-Prefix.pch */ = {isa = PBXFileReference; lastKnownFileType = sourcecode.c.h; path = "RouteTracker-Prefix.pch"; sourceTree = "<group>"; };
		E547C74614ECDEFE008A2A73 /* DriveTestAppDelegate.h */ = {isa = PBXFileReference; lastKnownFileType = sourcecode.c.h; path = DriveTestAppDelegate.h; sourceTree = "<group>"; };
		E547C74714ECDEFE008A2A73 /* DriveTestAppDelegate.m */ = {isa = PBXFileReference; lastKnownFileType = sourcecode.c.objc; path = DriveTestAppDelegate.m; sourceTree = "<group>"; };
		E547C74E14ECDEFE008A2A73 /* RouteTrackerTests.octest */ = {isa = PBXFileReference; explicitFileType = wrapper.cfbundle; includeInIndex = 0; path = RouteTrackerTests.octest; sourceTree = BUILT_PRODUCTS_DIR; };
		E547C74F14ECDEFE008A2A73 /* SenTestingKit.framework */ = {isa = PBXFileReference; lastKnownFileType = wrapper.framework; name = SenTestingKit.framework; path = Library/Frameworks/SenTestingKit.framework; sourceTree = DEVELOPER_DIR; };
		E547C75714ECDEFE008A2A73 /* RouteTrackerTests-Info.plist */ = {isa = PBXFileReference; lastKnownFileType = text.plist.xml; path = "RouteTrackerTests-Info.plist"; sourceTree = "<group>"; };
		E547C75914ECDEFE008A2A73 /* en */ = {isa = PBXFileReference; lastKnownFileType = text.plist.strings; name = en; path = en.lproj/InfoPlist.strings; sourceTree = "<group>"; };
		E547C75B14ECDEFE008A2A73 /* DriveTestTests.h */ = {isa = PBXFileReference; lastKnownFileType = sourcecode.c.h; path = DriveTestTests.h; sourceTree = "<group>"; };
		E547C75C14ECDEFE008A2A73 /* DriveTestTests.m */ = {isa = PBXFileReference; lastKnownFileType = sourcecode.c.objc; path = DriveTestTests.m; sourceTree = "<group>"; };
		E547C77C14EE17F3008A2A73 /* MapKit.framework */ = {isa = PBXFileReference; lastKnownFileType = wrapper.framework; name = MapKit.framework; path = System/Library/Frameworks/MapKit.framework; sourceTree = SDKROOT; };
		E547C77E14EE187F008A2A73 /* MapViewController.h */ = {isa = PBXFileReference; fileEncoding = 4; lastKnownFileType = sourcecode.c.h; name = MapViewController.h; path = ../MapViewController.h; sourceTree = "<group>"; };
		E547C77F14EE187F008A2A73 /* MapViewController.m */ = {isa = PBXFileReference; fileEncoding = 4; lastKnownFileType = sourcecode.c.objc; name = MapViewController.m; path = ../MapViewController.m; sourceTree = "<group>"; };
		E547C78014EE187F008A2A73 /* MapViewController.xib */ = {isa = PBXFileReference; fileEncoding = 4; lastKnownFileType = file.xib; name = MapViewController.xib; path = ../MapViewController.xib; sourceTree = "<group>"; };
		E547C78F14EE305F008A2A73 /* Route.h */ = {isa = PBXFileReference; fileEncoding = 4; lastKnownFileType = sourcecode.c.h; path = Route.h; sourceTree = "<group>"; };
		E547C79014EE305F008A2A73 /* Route.m */ = {isa = PBXFileReference; fileEncoding = 4; lastKnownFileType = sourcecode.c.objc; path = Route.m; sourceTree = "<group>"; };
		E547C79214EE314E008A2A73 /* RouteList.h */ = {isa = PBXFileReference; fileEncoding = 4; lastKnownFileType = sourcecode.c.h; path = RouteList.h; sourceTree = "<group>"; };
		E547C79314EE314E008A2A73 /* RouteList.m */ = {isa = PBXFileReference; fileEncoding = 4; lastKnownFileType = sourcecode.c.objc; path = RouteList.m; sourceTree = "<group>"; };
		E547C79514EE3523008A2A73 /* route.csv */ = {isa = PBXFileReference; fileEncoding = 4; lastKnownFileType = text; path = route.csv; sourceTree = "<group>"; };
		E547C79B14EE388A008A2A73 /* CoreLocation.framework */ = {isa = PBXFileReference; lastKnownFileType = wrapper.framework; name = CoreLocation.framework; path = System/Library/Frameworks/CoreLocation.framework; sourceTree = SDKROOT; };
		E562603D14F2181F00AF5EE0 /* SaveViewController.h */ = {isa = PBXFileReference; fileEncoding = 4; lastKnownFileType = sourcecode.c.h; path = SaveViewController.h; sourceTree = "<group>"; };
		E562603E14F2181F00AF5EE0 /* SaveViewController.m */ = {isa = PBXFileReference; fileEncoding = 4; lastKnownFileType = sourcecode.c.objc; path = SaveViewController.m; sourceTree = "<group>"; };
		E562603F14F2181F00AF5EE0 /* SaveViewController.xib */ = {isa = PBXFileReference; fileEncoding = 4; lastKnownFileType = file.xib; path = SaveViewController.xib; sourceTree = "<group>"; };
		E562604214F36B7300AF5EE0 /* MultiCircleView.h */ = {isa = PBXFileReference; fileEncoding = 4; lastKnownFileType = sourcecode.c.h; path = MultiCircleView.h; sourceTree = "<group>"; };
		E562604314F36B7400AF5EE0 /* MultiCircleView.m */ = {isa = PBXFileReference; fileEncoding = 4; lastKnownFileType = sourcecode.c.objc; path = MultiCircleView.m; sourceTree = "<group>"; };
		E562604514F4AB8C00AF5EE0 /* MultiCircle.h */ = {isa = PBXFileReference; fileEncoding = 4; lastKnownFileType = sourcecode.c.h; path = MultiCircle.h; sourceTree = "<group>"; };
		E562604614F4AB8C00AF5EE0 /* MultiCircle.m */ = {isa = PBXFileReference; fileEncoding = 4; lastKnownFileType = sourcecode.c.objc; path = MultiCircle.m; sourceTree = "<group>"; };
		E566D807157A733500AF463F /* ReplayViewController.h */ = {isa = PBXFileReference; fileEncoding = 4; lastKnownFileType = sourcecode.c.h; path = ReplayViewController.h; sourceTree = "<group>"; };
		E566D808157A733500AF463F /* ReplayViewController.m */ = {isa = PBXFileReference; fileEncoding = 4; lastKnownFileType = sourcecode.c.objc; path = ReplayViewController.m; sourceTree = "<group>"; };
		E566D809157A733500AF463F /* ReplayViewController.xib */ = {isa = PBXFileReference; fileEncoding = 4; lastKnownFileType = file.xib; path = ReplayViewController.xib; sourceTree = "<group>"; };
		E58E1CB21547BA9300218595 /* HomeViewController.h */ = {isa = PBXFileReference; fileEncoding = 4; lastKnownFileType = sourcecode.c.h; path = HomeViewController.h; sourceTree = "<group>"; };
		E58E1CB31547BA9300218595 /* HomeViewController.m */ = {isa = PBXFileReference; fileEncoding = 4; lastKnownFileType = sourcecode.c.objc; path = HomeViewController.m; sourceTree = "<group>"; };
		E58E1CB81547BB0E00218595 /* HomeViewController.xib */ = {isa = PBXFileReference; fileEncoding = 4; lastKnownFileType = file.xib; path = HomeViewController.xib; sourceTree = "<group>"; };
		E59092821571F54100CFC3AA /* seattle.jpg */ = {isa = PBXFileReference; lastKnownFileType = image.jpeg; path = seattle.jpg; sourceTree = "<group>"; };
		E5A4095414F072290010D5D4 /* RoutePoint.h */ = {isa = PBXFileReference; fileEncoding = 4; lastKnownFileType = sourcecode.c.h; path = RoutePoint.h; sourceTree = "<group>"; };
		E5A4095514F072290010D5D4 /* RoutePoint.m */ = {isa = PBXFileReference; fileEncoding = 4; lastKnownFileType = sourcecode.c.objc; path = RoutePoint.m; sourceTree = "<group>"; };
		E5A4096714F0D8100010D5D4 /* RouteTableViewController.h */ = {isa = PBXFileReference; fileEncoding = 4; lastKnownFileType = sourcecode.c.h; name = RouteTableViewController.h; path = ../RouteTableViewController.h; sourceTree = "<group>"; };
		E5A4096814F0D8100010D5D4 /* RouteTableViewController.m */ = {isa = PBXFileReference; fileEncoding = 4; lastKnownFileType = sourcecode.c.objc; name = RouteTableViewController.m; path = ../RouteTableViewController.m; sourceTree = "<group>"; };
		E5A4096914F0D8100010D5D4 /* RouteTableViewController.xib */ = {isa = PBXFileReference; fileEncoding = 4; lastKnownFileType = file.xib; name = RouteTableViewController.xib; path = ../RouteTableViewController.xib; sourceTree = "<group>"; };
		E5D60FBE1543D15A0026F7D0 /* CustomAnnotation.h */ = {isa = PBXFileReference; fileEncoding = 4; lastKnownFileType = sourcecode.c.h; path = CustomAnnotation.h; sourceTree = "<group>"; };
		E5D60FBF1543D15A0026F7D0 /* CustomAnnotation.m */ = {isa = PBXFileReference; fileEncoding = 4; lastKnownFileType = sourcecode.c.objc; path = CustomAnnotation.m; sourceTree = "<group>"; };
		E5FB628416DF149800C1465C /* Default-568h@2x.png */ = {isa = PBXFileReference; lastKnownFileType = image.png; path = "Default-568h@2x.png"; sourceTree = "<group>"; };
/* End PBXFileReference section */

/* Begin PBXFrameworksBuildPhase section */
		E547C73014ECDEFE008A2A73 /* Frameworks */ = {
			isa = PBXFrameworksBuildPhase;
			buildActionMask = 2147483647;
			files = (
				E547C79F14EE38ED008A2A73 /* CoreLocation.framework in Frameworks */,
				E547C77D14EE17F3008A2A73 /* MapKit.framework in Frameworks */,
				E547C73814ECDEFE008A2A73 /* UIKit.framework in Frameworks */,
				E547C73A14ECDEFE008A2A73 /* Foundation.framework in Frameworks */,
				E547C73C14ECDEFE008A2A73 /* CoreGraphics.framework in Frameworks */,
			);
			runOnlyForDeploymentPostprocessing = 0;
		};
		E547C74A14ECDEFE008A2A73 /* Frameworks */ = {
			isa = PBXFrameworksBuildPhase;
			buildActionMask = 2147483647;
			files = (
				E547C75014ECDEFE008A2A73 /* SenTestingKit.framework in Frameworks */,
				E547C75114ECDEFE008A2A73 /* UIKit.framework in Frameworks */,
				E547C75214ECDEFE008A2A73 /* Foundation.framework in Frameworks */,
			);
			runOnlyForDeploymentPostprocessing = 0;
		};
/* End PBXFrameworksBuildPhase section */

/* Begin PBXGroup section */
		E547C72814ECDEFE008A2A73 = {
			isa = PBXGroup;
			children = (
				E5FB628416DF149800C1465C /* Default-568h@2x.png */,
				E547C73D14ECDEFE008A2A73 /* DriveTest */,
				E547C75514ECDEFE008A2A73 /* DriveTestTests */,
				E547C73614ECDEFE008A2A73 /* Frameworks */,
				E547C73414ECDEFE008A2A73 /* Products */,
			);
			sourceTree = "<group>";
		};
		E547C73414ECDEFE008A2A73 /* Products */ = {
			isa = PBXGroup;
			children = (
				E547C73314ECDEFE008A2A73 /* RouteTracker.app */,
				E547C74E14ECDEFE008A2A73 /* RouteTrackerTests.octest */,
			);
			name = Products;
			sourceTree = "<group>";
		};
		E547C73614ECDEFE008A2A73 /* Frameworks */ = {
			isa = PBXGroup;
			children = (
				E547C79B14EE388A008A2A73 /* CoreLocation.framework */,
				E547C77C14EE17F3008A2A73 /* MapKit.framework */,
				E547C73714ECDEFE008A2A73 /* UIKit.framework */,
				E547C73914ECDEFE008A2A73 /* Foundation.framework */,
				E547C73B14ECDEFE008A2A73 /* CoreGraphics.framework */,
				E547C74F14ECDEFE008A2A73 /* SenTestingKit.framework */,
			);
			name = Frameworks;
			sourceTree = "<group>";
		};
		E547C73D14ECDEFE008A2A73 /* DriveTest */ = {
			isa = PBXGroup;
			children = (
				E547C78E14EE266D008A2A73 /* RecordView */,
				E59092891572C53F00CFC3AA /* ReplayView */,
				E58E1CB61547BAA200218595 /* Home View */,
				E562603C14F217CB00AF5EE0 /* SaveView */,
				E562602814F0D8E000AF5EE0 /* TableView */,
				E547C78D14EE2663008A2A73 /* Model */,
				E547C78C14EE2643008A2A73 /* AppDelegate */,
				E547C74614ECDEFE008A2A73 /* DriveTestAppDelegate.h */,
				E547C74714ECDEFE008A2A73 /* DriveTestAppDelegate.m */,
				E547C73E14ECDEFE008A2A73 /* Supporting Files */,
			);
			path = DriveTest;
			sourceTree = "<group>";
		};
		E547C73E14ECDEFE008A2A73 /* Supporting Files */ = {
			isa = PBXGroup;
			children = (
				E547C79514EE3523008A2A73 /* route.csv */,
				E59092821571F54100CFC3AA /* seattle.jpg */,
				E547C73F14ECDEFE008A2A73 /* RouteTracker-Info.plist */,
				E547C74014ECDEFE008A2A73 /* InfoPlist.strings */,
				E547C74314ECDEFE008A2A73 /* main.m */,
				E547C74514ECDEFE008A2A73 /* RouteTracker-Prefix.pch */,
			);
			name = "Supporting Files";
			sourceTree = "<group>";
		};
		E547C75514ECDEFE008A2A73 /* DriveTestTests */ = {
			isa = PBXGroup;
			children = (
				E547C75B14ECDEFE008A2A73 /* DriveTestTests.h */,
				E547C75C14ECDEFE008A2A73 /* DriveTestTests.m */,
				E547C75614ECDEFE008A2A73 /* Supporting Files */,
			);
			path = DriveTestTests;
			sourceTree = "<group>";
		};
		E547C75614ECDEFE008A2A73 /* Supporting Files */ = {
			isa = PBXGroup;
			children = (
				E547C75714ECDEFE008A2A73 /* RouteTrackerTests-Info.plist */,
				E547C75814ECDEFE008A2A73 /* InfoPlist.strings */,
			);
			name = "Supporting Files";
			sourceTree = "<group>";
		};
		E547C78C14EE2643008A2A73 /* AppDelegate */ = {
			isa = PBXGroup;
			children = (
			);
			name = AppDelegate;
			sourceTree = "<group>";
		};
		E547C78D14EE2663008A2A73 /* Model */ = {
			isa = PBXGroup;
			children = (
				E5A4095414F072290010D5D4 /* RoutePoint.h */,
				E5A4095514F072290010D5D4 /* RoutePoint.m */,
				E547C78F14EE305F008A2A73 /* Route.h */,
				E547C79014EE305F008A2A73 /* Route.m */,
				E547C79214EE314E008A2A73 /* RouteList.h */,
				E547C79314EE314E008A2A73 /* RouteList.m */,
				E562604514F4AB8C00AF5EE0 /* MultiCircle.h */,
				E562604614F4AB8C00AF5EE0 /* MultiCircle.m */,
				E562604214F36B7300AF5EE0 /* MultiCircleView.h */,
				E562604314F36B7400AF5EE0 /* MultiCircleView.m */,
				E5D60FBE1543D15A0026F7D0 /* CustomAnnotation.h */,
				E5D60FBF1543D15A0026F7D0 /* CustomAnnotation.m */,
			);
			name = Model;
			sourceTree = "<group>";
		};
		E547C78E14EE266D008A2A73 /* RecordView */ = {
			isa = PBXGroup;
			children = (
				E547C77E14EE187F008A2A73 /* MapViewController.h */,
				E547C77F14EE187F008A2A73 /* MapViewController.m */,
				E547C78014EE187F008A2A73 /* MapViewController.xib */,
			);
			name = RecordView;
			sourceTree = "<group>";
		};
		E562602814F0D8E000AF5EE0 /* TableView */ = {
			isa = PBXGroup;
			children = (
				E5A4096714F0D8100010D5D4 /* RouteTableViewController.h */,
				E5A4096814F0D8100010D5D4 /* RouteTableViewController.m */,
				E5A4096914F0D8100010D5D4 /* RouteTableViewController.xib */,
			);
			name = TableView;
			sourceTree = "<group>";
		};
		E562603C14F217CB00AF5EE0 /* SaveView */ = {
			isa = PBXGroup;
			children = (
				E562603D14F2181F00AF5EE0 /* SaveViewController.h */,
				E562603E14F2181F00AF5EE0 /* SaveViewController.m */,
				E562603F14F2181F00AF5EE0 /* SaveViewController.xib */,
			);
			name = SaveView;
			sourceTree = "<group>";
		};
		E58E1CB61547BAA200218595 /* Home View */ = {
			isa = PBXGroup;
			children = (
				E58E1CB21547BA9300218595 /* HomeViewController.h */,
				E58E1CB31547BA9300218595 /* HomeViewController.m */,
				E58E1CB81547BB0E00218595 /* HomeViewController.xib */,
			);
			name = "Home View";
			sourceTree = "<group>";
		};
		E59092891572C53F00CFC3AA /* ReplayView */ = {
			isa = PBXGroup;
			children = (
				E566D807157A733500AF463F /* ReplayViewController.h */,
				E566D808157A733500AF463F /* ReplayViewController.m */,
				E566D809157A733500AF463F /* ReplayViewController.xib */,
			);
			name = ReplayView;
			sourceTree = "<group>";
		};
/* End PBXGroup section */

/* Begin PBXNativeTarget section */
		E547C73214ECDEFE008A2A73 /* RouteTracker */ = {
			isa = PBXNativeTarget;
			buildConfigurationList = E547C76014ECDEFE008A2A73 /* Build configuration list for PBXNativeTarget "RouteTracker" */;
			buildPhases = (
				E547C72F14ECDEFE008A2A73 /* Sources */,
				E547C73014ECDEFE008A2A73 /* Frameworks */,
				E547C73114ECDEFE008A2A73 /* Resources */,
			);
			buildRules = (
			);
			dependencies = (
			);
			name = RouteTracker;
			productName = DriveTest;
			productReference = E547C73314ECDEFE008A2A73 /* RouteTracker.app */;
			productType = "com.apple.product-type.application";
		};
		E547C74D14ECDEFE008A2A73 /* RouteTrackerTests */ = {
			isa = PBXNativeTarget;
			buildConfigurationList = E547C76314ECDEFE008A2A73 /* Build configuration list for PBXNativeTarget "RouteTrackerTests" */;
			buildPhases = (
				E547C74914ECDEFE008A2A73 /* Sources */,
				E547C74A14ECDEFE008A2A73 /* Frameworks */,
				E547C74B14ECDEFE008A2A73 /* Resources */,
				E547C74C14ECDEFE008A2A73 /* ShellScript */,
			);
			buildRules = (
			);
			dependencies = (
				E547C75414ECDEFE008A2A73 /* PBXTargetDependency */,
			);
			name = RouteTrackerTests;
			productName = DriveTestTests;
			productReference = E547C74E14ECDEFE008A2A73 /* RouteTrackerTests.octest */;
			productType = "com.apple.product-type.bundle";
		};
/* End PBXNativeTarget section */

/* Begin PBXProject section */
		E547C72A14ECDEFE008A2A73 /* Project object */ = {
			isa = PBXProject;
			attributes = {
				LastUpgradeCheck = 0460;
			};
			buildConfigurationList = E547C72D14ECDEFE008A2A73 /* Build configuration list for PBXProject "RouteTracker" */;
			compatibilityVersion = "Xcode 3.2";
			developmentRegion = English;
			hasScannedForEncodings = 0;
			knownRegions = (
				en,
			);
			mainGroup = E547C72814ECDEFE008A2A73;
			productRefGroup = E547C73414ECDEFE008A2A73 /* Products */;
			projectDirPath = "";
			projectRoot = "";
			targets = (
				E547C73214ECDEFE008A2A73 /* RouteTracker */,
				E547C74D14ECDEFE008A2A73 /* RouteTrackerTests */,
			);
		};
/* End PBXProject section */

/* Begin PBXResourcesBuildPhase section */
		E547C73114ECDEFE008A2A73 /* Resources */ = {
			isa = PBXResourcesBuildPhase;
			buildActionMask = 2147483647;
			files = (
				E547C74214ECDEFE008A2A73 /* InfoPlist.strings in Resources */,
				E547C78214EE187F008A2A73 /* MapViewController.xib in Resources */,
				E547C79614EE3524008A2A73 /* route.csv in Resources */,
				E5A4096B14F0D8100010D5D4 /* RouteTableViewController.xib in Resources */,
				E562604114F2181F00AF5EE0 /* SaveViewController.xib in Resources */,
				E58E1CB91547BB0E00218595 /* HomeViewController.xib in Resources */,
				E59092831571F54100CFC3AA /* seattle.jpg in Resources */,
				E566D80B157A733500AF463F /* ReplayViewController.xib in Resources */,
				E5FB628516DF149800C1465C /* Default-568h@2x.png in Resources */,
			);
			runOnlyForDeploymentPostprocessing = 0;
		};
		E547C74B14ECDEFE008A2A73 /* Resources */ = {
			isa = PBXResourcesBuildPhase;
			buildActionMask = 2147483647;
			files = (
				E547C75A14ECDEFE008A2A73 /* InfoPlist.strings in Resources */,
			);
			runOnlyForDeploymentPostprocessing = 0;
		};
/* End PBXResourcesBuildPhase section */

/* Begin PBXShellScriptBuildPhase section */
		E547C74C14ECDEFE008A2A73 /* ShellScript */ = {
			isa = PBXShellScriptBuildPhase;
			buildActionMask = 2147483647;
			files = (
			);
			inputPaths = (
			);
			outputPaths = (
			);
			runOnlyForDeploymentPostprocessing = 0;
			shellPath = /bin/sh;
			shellScript = "# Run the unit tests in this test bundle.\n\"${SYSTEM_DEVELOPER_DIR}/Tools/RunUnitTests\"\n";
		};
/* End PBXShellScriptBuildPhase section */

/* Begin PBXSourcesBuildPhase section */
		E547C72F14ECDEFE008A2A73 /* Sources */ = {
			isa = PBXSourcesBuildPhase;
			buildActionMask = 2147483647;
			files = (
				E547C74414ECDEFE008A2A73 /* main.m in Sources */,
				E547C74814ECDEFE008A2A73 /* DriveTestAppDelegate.m in Sources */,
				E547C78114EE187F008A2A73 /* MapViewController.m in Sources */,
				E547C79114EE305F008A2A73 /* Route.m in Sources */,
				E547C79414EE314E008A2A73 /* RouteList.m in Sources */,
				E5A4095614F072290010D5D4 /* RoutePoint.m in Sources */,
				E5A4096A14F0D8100010D5D4 /* RouteTableViewController.m in Sources */,
				E562604014F2181F00AF5EE0 /* SaveViewController.m in Sources */,
				E562604414F36B7400AF5EE0 /* MultiCircleView.m in Sources */,
				E562604714F4AB8C00AF5EE0 /* MultiCircle.m in Sources */,
				E5D60FC01543D15A0026F7D0 /* CustomAnnotation.m in Sources */,
				E58E1CB41547BA9300218595 /* HomeViewController.m in Sources */,
				E566D80A157A733500AF463F /* ReplayViewController.m in Sources */,
			);
			runOnlyForDeploymentPostprocessing = 0;
		};
		E547C74914ECDEFE008A2A73 /* Sources */ = {
			isa = PBXSourcesBuildPhase;
			buildActionMask = 2147483647;
			files = (
				E547C75D14ECDEFE008A2A73 /* DriveTestTests.m in Sources */,
			);
			runOnlyForDeploymentPostprocessing = 0;
		};
/* End PBXSourcesBuildPhase section */

/* Begin PBXTargetDependency section */
		E547C75414ECDEFE008A2A73 /* PBXTargetDependency */ = {
			isa = PBXTargetDependency;
			target = E547C73214ECDEFE008A2A73 /* RouteTracker */;
			targetProxy = E547C75314ECDEFE008A2A73 /* PBXContainerItemProxy */;
		};
/* End PBXTargetDependency section */

/* Begin PBXVariantGroup section */
		E547C74014ECDEFE008A2A73 /* InfoPlist.strings */ = {
			isa = PBXVariantGroup;
			children = (
				E547C74114ECDEFE008A2A73 /* en */,
			);
			name = InfoPlist.strings;
			sourceTree = "<group>";
		};
		E547C75814ECDEFE008A2A73 /* InfoPlist.strings */ = {
			isa = PBXVariantGroup;
			children = (
				E547C75914ECDEFE008A2A73 /* en */,
			);
			name = InfoPlist.strings;
			sourceTree = "<group>";
		};
/* End PBXVariantGroup section */

/* Begin XCBuildConfiguration section */
		E547C75E14ECDEFE008A2A73 /* Debug */ = {
			isa = XCBuildConfiguration;
			buildSettings = {
				ALWAYS_SEARCH_USER_PATHS = NO;
				ARCHS = "$(ARCHS_STANDARD_32_BIT)";
				CLANG_WARN_CONSTANT_CONVERSION = YES;
				CLANG_WARN_ENUM_CONVERSION = YES;
				CLANG_WARN_INT_CONVERSION = YES;
				CLANG_WARN__DUPLICATE_METHOD_MATCH = YES;
				"CODE_SIGN_IDENTITY[sdk=iphoneos*]" = "iPhone Developer";
				COPY_PHASE_STRIP = NO;
				GCC_C_LANGUAGE_STANDARD = gnu99;
				GCC_DYNAMIC_NO_PIC = NO;
				GCC_OPTIMIZATION_LEVEL = 0;
				GCC_PREPROCESSOR_DEFINITIONS = (
					"DEBUG=1",
					"$(inherited)",
				);
				GCC_SYMBOLS_PRIVATE_EXTERN = NO;
				GCC_VERSION = com.apple.compilers.llvm.clang.1_0;
				GCC_WARN_ABOUT_MISSING_PROTOTYPES = YES;
				GCC_WARN_ABOUT_RETURN_TYPE = YES;
				GCC_WARN_UNINITIALIZED_AUTOS = YES;
				GCC_WARN_UNUSED_VARIABLE = YES;
				IPHONEOS_DEPLOYMENT_TARGET = 5.0;
				SDKROOT = iphoneos;
			};
			name = Debug;
		};
		E547C75F14ECDEFE008A2A73 /* Release */ = {
			isa = XCBuildConfiguration;
			buildSettings = {
				ALWAYS_SEARCH_USER_PATHS = NO;
				ARCHS = "$(ARCHS_STANDARD_32_BIT)";
				CLANG_WARN_CONSTANT_CONVERSION = YES;
				CLANG_WARN_ENUM_CONVERSION = YES;
				CLANG_WARN_INT_CONVERSION = YES;
				CLANG_WARN__DUPLICATE_METHOD_MATCH = YES;
				"CODE_SIGN_IDENTITY[sdk=iphoneos*]" = "iPhone Developer";
				COPY_PHASE_STRIP = YES;
				GCC_C_LANGUAGE_STANDARD = gnu99;
				GCC_VERSION = com.apple.compilers.llvm.clang.1_0;
				GCC_WARN_ABOUT_MISSING_PROTOTYPES = YES;
				GCC_WARN_ABOUT_RETURN_TYPE = YES;
				GCC_WARN_UNINITIALIZED_AUTOS = YES;
				GCC_WARN_UNUSED_VARIABLE = YES;
				IPHONEOS_DEPLOYMENT_TARGET = 5.0;
				OTHER_CFLAGS = "-DNS_BLOCK_ASSERTIONS=1";
				SDKROOT = iphoneos;
				VALIDATE_PRODUCT = YES;
			};
			name = Release;
		};
		E547C76114ECDEFE008A2A73 /* Debug */ = {
			isa = XCBuildConfiguration;
			buildSettings = {
				FRAMEWORK_SEARCH_PATHS = (
					"$(inherited)",
					"\"$(SRCROOT)\"",
				);
				GCC_PRECOMPILE_PREFIX_HEADER = YES;
				GCC_PREFIX_HEADER = "DriveTest/RouteTracker-Prefix.pch";
				INFOPLIST_FILE = "DriveTest/RouteTracker-Info.plist";
				PRODUCT_NAME = RouteTracker;
				RUN_CLANG_STATIC_ANALYZER = YES;
				WRAPPER_EXTENSION = app;
			};
			name = Debug;
		};
		E547C76214ECDEFE008A2A73 /* Release */ = {
			isa = XCBuildConfiguration;
			buildSettings = {
				FRAMEWORK_SEARCH_PATHS = (
					"$(inherited)",
					"\"$(SRCROOT)\"",
				);
				GCC_PRECOMPILE_PREFIX_HEADER = YES;
				GCC_PREFIX_HEADER = "DriveTest/RouteTracker-Prefix.pch";
				INFOPLIST_FILE = "DriveTest/RouteTracker-Info.plist";
				PRODUCT_NAME = RouteTracker;
				RUN_CLANG_STATIC_ANALYZER = YES;
				WRAPPER_EXTENSION = app;
			};
			name = Release;
		};
		E547C76414ECDEFE008A2A73 /* Debug */ = {
			isa = XCBuildConfiguration;
			buildSettings = {
				BUNDLE_LOADER = "$(BUILT_PRODUCTS_DIR)/RouteTracker.app/RouteTracker";
				FRAMEWORK_SEARCH_PATHS = (
					"$(SDKROOT)/Developer/Library/Frameworks",
					"$(DEVELOPER_LIBRARY_DIR)/Frameworks",
				);
				GCC_PRECOMPILE_PREFIX_HEADER = YES;
				GCC_PREFIX_HEADER = "DriveTest/RouteTracker-Prefix.pch";
				INFOPLIST_FILE = "DriveTestTests/RouteTrackerTests-Info.plist";
				PRODUCT_NAME = RouteTrackerTests;
				TEST_HOST = "$(BUNDLE_LOADER)";
				WRAPPER_EXTENSION = octest;
			};
			name = Debug;
		};
		E547C76514ECDEFE008A2A73 /* Release */ = {
			isa = XCBuildConfiguration;
			buildSettings = {
				BUNDLE_LOADER = "$(BUILT_PRODUCTS_DIR)/RouteTracker.app/RouteTracker";
				FRAMEWORK_SEARCH_PATHS = (
					"$(SDKROOT)/Developer/Library/Frameworks",
					"$(DEVELOPER_LIBRARY_DIR)/Frameworks",
				);
				GCC_PRECOMPILE_PREFIX_HEADER = YES;
				GCC_PREFIX_HEADER = "DriveTest/RouteTracker-Prefix.pch";
				INFOPLIST_FILE = "DriveTestTests/RouteTrackerTests-Info.plist";
				PRODUCT_NAME = RouteTrackerTests;
				TEST_HOST = "$(BUNDLE_LOADER)";
				WRAPPER_EXTENSION = octest;
			};
			name = Release;
		};
/* End XCBuildConfiguration section */

/* Begin XCConfigurationList section */
		E547C72D14ECDEFE008A2A73 /* Build configuration list for PBXProject "RouteTracker" */ = {
			isa = XCConfigurationList;
			buildConfigurations = (
				E547C75E14ECDEFE008A2A73 /* Debug */,
				E547C75F14ECDEFE008A2A73 /* Release */,
			);
			defaultConfigurationIsVisible = 0;
			defaultConfigurationName = Release;
		};
		E547C76014ECDEFE008A2A73 /* Build configuration list for PBXNativeTarget "RouteTracker" */ = {
			isa = XCConfigurationList;
			buildConfigurations = (
				E547C76114ECDEFE008A2A73 /* Debug */,
				E547C76214ECDEFE008A2A73 /* Release */,
			);
			defaultConfigurationIsVisible = 0;
			defaultConfigurationName = Release;
		};
		E547C76314ECDEFE008A2A73 /* Build configuration list for PBXNativeTarget "RouteTrackerTests" */ = {
			isa = XCConfigurationList;
			buildConfigurations = (
				E547C76414ECDEFE008A2A73 /* Debug */,
				E547C76514ECDEFE008A2A73 /* Release */,
			);
			defaultConfigurationIsVisible = 0;
			defaultConfigurationName = Release;
		};
/* End XCConfigurationList section */
	};
	rootObject = E547C72A14ECDEFE008A2A73 /* Project object */;
}
